// !$*UTF8*$!
{
	archiveVersion = 1;
	classes = {
	};
	objectVersion = 56;
	objects = {

/* Begin PBXBuildFile section */
		8D0C05362B8536A2005C0393 /* NetworkManager.swift in Sources */ = {isa = PBXBuildFile; fileRef = 8D0C05352B8536A2005C0393 /* NetworkManager.swift */; };
		8D1AD2242B6F2CE100292017 /* AppDelegate.swift in Sources */ = {isa = PBXBuildFile; fileRef = 8D1AD2232B6F2CE100292017 /* AppDelegate.swift */; };
		8D1AD2262B6F2CE100292017 /* SceneDelegate.swift in Sources */ = {isa = PBXBuildFile; fileRef = 8D1AD2252B6F2CE100292017 /* SceneDelegate.swift */; };
		8D1AD22D2B6F2CE400292017 /* Assets.xcassets in Resources */ = {isa = PBXBuildFile; fileRef = 8D1AD22C2B6F2CE400292017 /* Assets.xcassets */; };
		8D1AD2302B6F2CE400292017 /* LaunchScreen.storyboard in Resources */ = {isa = PBXBuildFile; fileRef = 8D1AD22E2B6F2CE400292017 /* LaunchScreen.storyboard */; };
		8D4125812BBF89E600A3F075 /* GFItemInfoVC.swift in Sources */ = {isa = PBXBuildFile; fileRef = 8D4125802BBF89E600A3F075 /* GFItemInfoVC.swift */; };
		8D4125832BBF905800A3F075 /* GFReposItemVC.swift in Sources */ = {isa = PBXBuildFile; fileRef = 8D4125822BBF905800A3F075 /* GFReposItemVC.swift */; };
		8D4125852BBFA7D200A3F075 /* GFFollowerItemVC.swift in Sources */ = {isa = PBXBuildFile; fileRef = 8D4125842BBFA7D200A3F075 /* GFFollowerItemVC.swift */; };
		8D7279732BC0F623005D0C90 /* Date+Ext.swift in Sources */ = {isa = PBXBuildFile; fileRef = 8D7279722BC0F623005D0C90 /* Date+Ext.swift */; };
		8D7279752BC0F680005D0C90 /* String+Ext.swift in Sources */ = {isa = PBXBuildFile; fileRef = 8D7279742BC0F680005D0C90 /* String+Ext.swift */; };
		8D7C7ECC2BB78D8C00A2B56F /* GFItemInfoView.swift in Sources */ = {isa = PBXBuildFile; fileRef = 8D7C7ECB2BB78D8C00A2B56F /* GFItemInfoView.swift */; };
		8DA265802B841E2600EAAC83 /* GFAlertContainer.swift in Sources */ = {isa = PBXBuildFile; fileRef = 8DA2657F2B841E2600EAAC83 /* GFAlertContainer.swift */; };
		8DA265832B84410300EAAC83 /* Follower.swift in Sources */ = {isa = PBXBuildFile; fileRef = 8DA265822B84410300EAAC83 /* Follower.swift */; };
		8DA265852B84413300EAAC83 /* User.swift in Sources */ = {isa = PBXBuildFile; fileRef = 8DA265842B84413300EAAC83 /* User.swift */; };
		8DB3C0572B7FE7F5009FC4CB /* FollowerListVC.swift in Sources */ = {isa = PBXBuildFile; fileRef = 8DB3C0562B7FE7F5009FC4CB /* FollowerListVC.swift */; };
		8DB3C0592B80578F009FC4CB /* GFTitleLabel.swift in Sources */ = {isa = PBXBuildFile; fileRef = 8DB3C0582B80578F009FC4CB /* GFTitleLabel.swift */; };
		8DB4D52E2B91682C00056DB4 /* GFEmptyStateView.swift in Sources */ = {isa = PBXBuildFile; fileRef = 8DB4D52D2B91682C00056DB4 /* GFEmptyStateView.swift */; };
		8DC132382B81516300C391DC /* GFBodyLabel.swift in Sources */ = {isa = PBXBuildFile; fileRef = 8DC132372B81516300C391DC /* GFBodyLabel.swift */; };
		8DC1323A2B81525900C391DC /* GFAlertVC.swift in Sources */ = {isa = PBXBuildFile; fileRef = 8DC132392B81525900C391DC /* GFAlertVC.swift */; };
		8DD0E5652B82ABF5003234C9 /* UIViewController+Ext.swift in Sources */ = {isa = PBXBuildFile; fileRef = 8DD0E5642B82ABF5003234C9 /* UIViewController+Ext.swift */; };
		8DD3835C2B9A6D3900A46247 /* GFUserInfoHeaderVC.swift in Sources */ = {isa = PBXBuildFile; fileRef = 8DD3835B2B9A6D3900A46247 /* GFUserInfoHeaderVC.swift */; };
		8DD3835E2B9A6DC400A46247 /* GFSecondaryTitleLabel.swift in Sources */ = {isa = PBXBuildFile; fileRef = 8DD3835D2B9A6DC400A46247 /* GFSecondaryTitleLabel.swift */; };
		8DD383602B9A955A00A46247 /* Constants.swift in Sources */ = {isa = PBXBuildFile; fileRef = 8DD3835F2B9A955A00A46247 /* Constants.swift */; };
		8DDB59E52B72F1AB00242C42 /* SearchVC.swift in Sources */ = {isa = PBXBuildFile; fileRef = 8DDB59E42B72F1AB00242C42 /* SearchVC.swift */; };
		8DDB59E72B72F1ED00242C42 /* FavoritesListVC.swift in Sources */ = {isa = PBXBuildFile; fileRef = 8DDB59E62B72F1ED00242C42 /* FavoritesListVC.swift */; };
		8DDB59E92B7336EC00242C42 /* GFButton.swift in Sources */ = {isa = PBXBuildFile; fileRef = 8DDB59E82B7336EC00242C42 /* GFButton.swift */; };
		8DDB59EB2B73584100242C42 /* GFTextField.swift in Sources */ = {isa = PBXBuildFile; fileRef = 8DDB59EA2B73584100242C42 /* GFTextField.swift */; };
		8DDD157C2B97FE87006EF949 /* GFError.swift in Sources */ = {isa = PBXBuildFile; fileRef = 8DDD157B2B97FE87006EF949 /* GFError.swift */; };
		8DEBB5C12B8D6CD00066C8F1 /* UIHelper.swift in Sources */ = {isa = PBXBuildFile; fileRef = 8DEBB5C02B8D6CD00066C8F1 /* UIHelper.swift */; };
		8DEC4F062B966C1E00CEA49B /* UserInfoVC.swift in Sources */ = {isa = PBXBuildFile; fileRef = 8DEC4F052B966C1D00CEA49B /* UserInfoVC.swift */; };
		8DF448752B87EAA700F18608 /* FollowerCell.swift in Sources */ = {isa = PBXBuildFile; fileRef = 8DF448742B87EAA700F18608 /* FollowerCell.swift */; };
		8DF448772B87F71200F18608 /* GFAvatarImageView.swift in Sources */ = {isa = PBXBuildFile; fileRef = 8DF448762B87F71200F18608 /* GFAvatarImageView.swift */; };
/* End PBXBuildFile section */

/* Begin PBXFileReference section */
		8D0C05352B8536A2005C0393 /* NetworkManager.swift */ = {isa = PBXFileReference; lastKnownFileType = sourcecode.swift; path = NetworkManager.swift; sourceTree = "<group>"; };
		8D1AD2202B6F2CE100292017 /* GHFollowers.app */ = {isa = PBXFileReference; explicitFileType = wrapper.application; includeInIndex = 0; path = GHFollowers.app; sourceTree = BUILT_PRODUCTS_DIR; };
		8D1AD2232B6F2CE100292017 /* AppDelegate.swift */ = {isa = PBXFileReference; lastKnownFileType = sourcecode.swift; path = AppDelegate.swift; sourceTree = "<group>"; };
		8D1AD2252B6F2CE100292017 /* SceneDelegate.swift */ = {isa = PBXFileReference; lastKnownFileType = sourcecode.swift; path = SceneDelegate.swift; sourceTree = "<group>"; };
		8D1AD22C2B6F2CE400292017 /* Assets.xcassets */ = {isa = PBXFileReference; lastKnownFileType = folder.assetcatalog; path = Assets.xcassets; sourceTree = "<group>"; };
		8D1AD22F2B6F2CE400292017 /* Base */ = {isa = PBXFileReference; lastKnownFileType = file.storyboard; name = Base; path = Base.lproj/LaunchScreen.storyboard; sourceTree = "<group>"; };
		8D1AD2312B6F2CE400292017 /* Info.plist */ = {isa = PBXFileReference; lastKnownFileType = text.plist.xml; path = Info.plist; sourceTree = "<group>"; };
		8D4125802BBF89E600A3F075 /* GFItemInfoVC.swift */ = {isa = PBXFileReference; lastKnownFileType = sourcecode.swift; path = GFItemInfoVC.swift; sourceTree = "<group>"; };
		8D4125822BBF905800A3F075 /* GFReposItemVC.swift */ = {isa = PBXFileReference; lastKnownFileType = sourcecode.swift; path = GFReposItemVC.swift; sourceTree = "<group>"; };
		8D4125842BBFA7D200A3F075 /* GFFollowerItemVC.swift */ = {isa = PBXFileReference; lastKnownFileType = sourcecode.swift; path = GFFollowerItemVC.swift; sourceTree = "<group>"; };
		8D7279722BC0F623005D0C90 /* Date+Ext.swift */ = {isa = PBXFileReference; lastKnownFileType = sourcecode.swift; path = "Date+Ext.swift"; sourceTree = "<group>"; };
		8D7279742BC0F680005D0C90 /* String+Ext.swift */ = {isa = PBXFileReference; lastKnownFileType = sourcecode.swift; path = "String+Ext.swift"; sourceTree = "<group>"; };
		8D7C7ECB2BB78D8C00A2B56F /* GFItemInfoView.swift */ = {isa = PBXFileReference; lastKnownFileType = sourcecode.swift; path = GFItemInfoView.swift; sourceTree = "<group>"; };
		8DA2657F2B841E2600EAAC83 /* GFAlertContainer.swift */ = {isa = PBXFileReference; lastKnownFileType = sourcecode.swift; path = GFAlertContainer.swift; sourceTree = "<group>"; };
		8DA265822B84410300EAAC83 /* Follower.swift */ = {isa = PBXFileReference; lastKnownFileType = sourcecode.swift; path = Follower.swift; sourceTree = "<group>"; };
		8DA265842B84413300EAAC83 /* User.swift */ = {isa = PBXFileReference; lastKnownFileType = sourcecode.swift; path = User.swift; sourceTree = "<group>"; };
		8DB3C0562B7FE7F5009FC4CB /* FollowerListVC.swift */ = {isa = PBXFileReference; lastKnownFileType = sourcecode.swift; path = FollowerListVC.swift; sourceTree = "<group>"; };
		8DB3C0582B80578F009FC4CB /* GFTitleLabel.swift */ = {isa = PBXFileReference; lastKnownFileType = sourcecode.swift; path = GFTitleLabel.swift; sourceTree = "<group>"; };
		8DB4D52D2B91682C00056DB4 /* GFEmptyStateView.swift */ = {isa = PBXFileReference; lastKnownFileType = sourcecode.swift; path = GFEmptyStateView.swift; sourceTree = "<group>"; };
		8DC132372B81516300C391DC /* GFBodyLabel.swift */ = {isa = PBXFileReference; lastKnownFileType = sourcecode.swift; path = GFBodyLabel.swift; sourceTree = "<group>"; };
		8DC132392B81525900C391DC /* GFAlertVC.swift */ = {isa = PBXFileReference; lastKnownFileType = sourcecode.swift; path = GFAlertVC.swift; sourceTree = "<group>"; };
		8DD0E5642B82ABF5003234C9 /* UIViewController+Ext.swift */ = {isa = PBXFileReference; lastKnownFileType = sourcecode.swift; path = "UIViewController+Ext.swift"; sourceTree = "<group>"; };
		8DD3835B2B9A6D3900A46247 /* GFUserInfoHeaderVC.swift */ = {isa = PBXFileReference; lastKnownFileType = sourcecode.swift; path = GFUserInfoHeaderVC.swift; sourceTree = "<group>"; };
		8DD3835D2B9A6DC400A46247 /* GFSecondaryTitleLabel.swift */ = {isa = PBXFileReference; lastKnownFileType = sourcecode.swift; path = GFSecondaryTitleLabel.swift; sourceTree = "<group>"; };
		8DD3835F2B9A955A00A46247 /* Constants.swift */ = {isa = PBXFileReference; lastKnownFileType = sourcecode.swift; path = Constants.swift; sourceTree = "<group>"; };
		8DDB59E42B72F1AB00242C42 /* SearchVC.swift */ = {isa = PBXFileReference; lastKnownFileType = sourcecode.swift; path = SearchVC.swift; sourceTree = "<group>"; };
		8DDB59E62B72F1ED00242C42 /* FavoritesListVC.swift */ = {isa = PBXFileReference; lastKnownFileType = sourcecode.swift; path = FavoritesListVC.swift; sourceTree = "<group>"; };
		8DDB59E82B7336EC00242C42 /* GFButton.swift */ = {isa = PBXFileReference; lastKnownFileType = sourcecode.swift; path = GFButton.swift; sourceTree = "<group>"; };
		8DDB59EA2B73584100242C42 /* GFTextField.swift */ = {isa = PBXFileReference; lastKnownFileType = sourcecode.swift; path = GFTextField.swift; sourceTree = "<group>"; };
		8DDD157B2B97FE87006EF949 /* GFError.swift */ = {isa = PBXFileReference; lastKnownFileType = sourcecode.swift; path = GFError.swift; sourceTree = "<group>"; };
		8DEBB5C02B8D6CD00066C8F1 /* UIHelper.swift */ = {isa = PBXFileReference; lastKnownFileType = sourcecode.swift; path = UIHelper.swift; sourceTree = "<group>"; };
		8DEC4F052B966C1D00CEA49B /* UserInfoVC.swift */ = {isa = PBXFileReference; lastKnownFileType = sourcecode.swift; path = UserInfoVC.swift; sourceTree = "<group>"; };
		8DF448742B87EAA700F18608 /* FollowerCell.swift */ = {isa = PBXFileReference; lastKnownFileType = sourcecode.swift; path = FollowerCell.swift; sourceTree = "<group>"; };
		8DF448762B87F71200F18608 /* GFAvatarImageView.swift */ = {isa = PBXFileReference; lastKnownFileType = sourcecode.swift; path = GFAvatarImageView.swift; sourceTree = "<group>"; };
/* End PBXFileReference section */

/* Begin PBXFrameworksBuildPhase section */
		8D1AD21D2B6F2CE100292017 /* Frameworks */ = {
			isa = PBXFrameworksBuildPhase;
			buildActionMask = 2147483647;
			files = (
			);
			runOnlyForDeploymentPostprocessing = 0;
		};
/* End PBXFrameworksBuildPhase section */

/* Begin PBXGroup section */
		8D0C05342B85368B005C0393 /* Managers */ = {
			isa = PBXGroup;
			children = (
				8D0C05352B8536A2005C0393 /* NetworkManager.swift */,
			);
			path = Managers;
			sourceTree = "<group>";
		};
		8D0C05372B85B93A005C0393 /* Utilities */ = {
			isa = PBXGroup;
			children = (
				8DEBB5C02B8D6CD00066C8F1 /* UIHelper.swift */,
				8DDD157B2B97FE87006EF949 /* GFError.swift */,
				8DD3835F2B9A955A00A46247 /* Constants.swift */,
			);
			path = Utilities;
			sourceTree = "<group>";
		};
		8D1AD2172B6F2CE100292017 = {
			isa = PBXGroup;
			children = (
				8D1AD2222B6F2CE100292017 /* GHFollowers */,
				8D1AD2212B6F2CE100292017 /* Products */,
			);
			sourceTree = "<group>";
		};
		8D1AD2212B6F2CE100292017 /* Products */ = {
			isa = PBXGroup;
			children = (
				8D1AD2202B6F2CE100292017 /* GHFollowers.app */,
			);
			name = Products;
			sourceTree = "<group>";
		};
		8D1AD2222B6F2CE100292017 /* GHFollowers */ = {
			isa = PBXGroup;
			children = (
				8D0C05372B85B93A005C0393 /* Utilities */,
				8D0C05342B85368B005C0393 /* Managers */,
				8DA265812B8440F400EAAC83 /* Model */,
				8DA2657E2B841B4600EAAC83 /* Support */,
				8DA2657D2B8418EE00EAAC83 /* Extensions */,
				8DA2657B2B84189400EAAC83 /* Custom Views */,
				8DA2657A2B84182A00EAAC83 /* Screens */,
				8D1AD2312B6F2CE400292017 /* Info.plist */,
			);
			path = GHFollowers;
			sourceTree = "<group>";
		};
		8D4125862BBFA8A200A3F075 /* ItemInfoVCs */ = {
			isa = PBXGroup;
			children = (
				8D4125802BBF89E600A3F075 /* GFItemInfoVC.swift */,
				8D4125822BBF905800A3F075 /* GFReposItemVC.swift */,
				8D4125842BBFA7D200A3F075 /* GFFollowerItemVC.swift */,
			);
			path = ItemInfoVCs;
			sourceTree = "<group>";
		};
		8DA2657A2B84182A00EAAC83 /* Screens */ = {
			isa = PBXGroup;
			children = (
				8DDB59E42B72F1AB00242C42 /* SearchVC.swift */,
				8DB3C0562B7FE7F5009FC4CB /* FollowerListVC.swift */,
				8DDB59E62B72F1ED00242C42 /* FavoritesListVC.swift */,
				8DEC4F052B966C1D00CEA49B /* UserInfoVC.swift */,
			);
			path = Screens;
			sourceTree = "<group>";
		};
		8DA2657B2B84189400EAAC83 /* Custom Views */ = {
			isa = PBXGroup;
			children = (
				8DB4D52C2B91672C00056DB4 /* Labels */,
				8DB4D52B2B91670600056DB4 /* ViewControllers */,
				8DB4D52A2B9166FA00056DB4 /* ImageViews */,
				8DB4D5292B9166E600056DB4 /* TextFields */,
				8DB4D5282B9166DF00056DB4 /* Views */,
				8DB4D5272B9166D600056DB4 /* Buttons */,
				8DF448732B87E65500F18608 /* Cells */,
			);
			path = "Custom Views";
			sourceTree = "<group>";
		};
		8DA2657D2B8418EE00EAAC83 /* Extensions */ = {
			isa = PBXGroup;
			children = (
				8DD0E5642B82ABF5003234C9 /* UIViewController+Ext.swift */,
				8D7279722BC0F623005D0C90 /* Date+Ext.swift */,
				8D7279742BC0F680005D0C90 /* String+Ext.swift */,
			);
			path = Extensions;
			sourceTree = "<group>";
		};
		8DA2657E2B841B4600EAAC83 /* Support */ = {
			isa = PBXGroup;
			children = (
				8D1AD22E2B6F2CE400292017 /* LaunchScreen.storyboard */,
				8D1AD22C2B6F2CE400292017 /* Assets.xcassets */,
				8D1AD2252B6F2CE100292017 /* SceneDelegate.swift */,
				8D1AD2232B6F2CE100292017 /* AppDelegate.swift */,
			);
			path = Support;
			sourceTree = "<group>";
		};
		8DA265812B8440F400EAAC83 /* Model */ = {
			isa = PBXGroup;
			children = (
				8DA265822B84410300EAAC83 /* Follower.swift */,
				8DA265842B84413300EAAC83 /* User.swift */,
			);
			path = Model;
			sourceTree = "<group>";
		};
		8DB4D5272B9166D600056DB4 /* Buttons */ = {
			isa = PBXGroup;
			children = (
				8DDB59E82B7336EC00242C42 /* GFButton.swift */,
			);
			path = Buttons;
			sourceTree = "<group>";
		};
		8DB4D5282B9166DF00056DB4 /* Views */ = {
			isa = PBXGroup;
			children = (
				8DA2657F2B841E2600EAAC83 /* GFAlertContainer.swift */,
				8DB4D52D2B91682C00056DB4 /* GFEmptyStateView.swift */,
				8D7C7ECB2BB78D8C00A2B56F /* GFItemInfoView.swift */,
			);
			path = Views;
			sourceTree = "<group>";
		};
		8DB4D5292B9166E600056DB4 /* TextFields */ = {
			isa = PBXGroup;
			children = (
				8DDB59EA2B73584100242C42 /* GFTextField.swift */,
			);
			path = TextFields;
			sourceTree = "<group>";
		};
		8DB4D52A2B9166FA00056DB4 /* ImageViews */ = {
			isa = PBXGroup;
			children = (
				8DF448762B87F71200F18608 /* GFAvatarImageView.swift */,
			);
			path = ImageViews;
			sourceTree = "<group>";
		};
		8DB4D52B2B91670600056DB4 /* ViewControllers */ = {
			isa = PBXGroup;
			children = (
				8D4125862BBFA8A200A3F075 /* ItemInfoVCs */,
				8DC132392B81525900C391DC /* GFAlertVC.swift */,
				8DD3835B2B9A6D3900A46247 /* GFUserInfoHeaderVC.swift */,
			);
			path = ViewControllers;
			sourceTree = "<group>";
		};
		8DB4D52C2B91672C00056DB4 /* Labels */ = {
			isa = PBXGroup;
			children = (
				8DC132372B81516300C391DC /* GFBodyLabel.swift */,
				8DB3C0582B80578F009FC4CB /* GFTitleLabel.swift */,
				8DD3835D2B9A6DC400A46247 /* GFSecondaryTitleLabel.swift */,
			);
			path = Labels;
			sourceTree = "<group>";
		};
		8DF448732B87E65500F18608 /* Cells */ = {
			isa = PBXGroup;
			children = (
				8DF448742B87EAA700F18608 /* FollowerCell.swift */,
			);
			path = Cells;
			sourceTree = "<group>";
		};
/* End PBXGroup section */

/* Begin PBXNativeTarget section */
		8D1AD21F2B6F2CE100292017 /* GHFollowers */ = {
			isa = PBXNativeTarget;
			buildConfigurationList = 8D1AD2342B6F2CE400292017 /* Build configuration list for PBXNativeTarget "GHFollowers" */;
			buildPhases = (
				8D1AD21C2B6F2CE100292017 /* Sources */,
				8D1AD21D2B6F2CE100292017 /* Frameworks */,
				8D1AD21E2B6F2CE100292017 /* Resources */,
			);
			buildRules = (
			);
			dependencies = (
			);
			name = GHFollowers;
			productName = GHFollowers;
			productReference = 8D1AD2202B6F2CE100292017 /* GHFollowers.app */;
			productType = "com.apple.product-type.application";
		};
/* End PBXNativeTarget section */

/* Begin PBXProject section */
		8D1AD2182B6F2CE100292017 /* Project object */ = {
			isa = PBXProject;
			attributes = {
				BuildIndependentTargetsInParallel = 1;
				LastSwiftUpdateCheck = 1500;
				LastUpgradeCheck = 1500;
				TargetAttributes = {
					8D1AD21F2B6F2CE100292017 = {
						CreatedOnToolsVersion = 15.0.1;
					};
				};
			};
			buildConfigurationList = 8D1AD21B2B6F2CE100292017 /* Build configuration list for PBXProject "GHFollowers" */;
			compatibilityVersion = "Xcode 14.0";
			developmentRegion = en;
			hasScannedForEncodings = 0;
			knownRegions = (
				en,
				Base,
			);
			mainGroup = 8D1AD2172B6F2CE100292017;
			productRefGroup = 8D1AD2212B6F2CE100292017 /* Products */;
			projectDirPath = "";
			projectRoot = "";
			targets = (
				8D1AD21F2B6F2CE100292017 /* GHFollowers */,
			);
		};
/* End PBXProject section */

/* Begin PBXResourcesBuildPhase section */
		8D1AD21E2B6F2CE100292017 /* Resources */ = {
			isa = PBXResourcesBuildPhase;
			buildActionMask = 2147483647;
			files = (
				8D1AD2302B6F2CE400292017 /* LaunchScreen.storyboard in Resources */,
				8D1AD22D2B6F2CE400292017 /* Assets.xcassets in Resources */,
			);
			runOnlyForDeploymentPostprocessing = 0;
		};
/* End PBXResourcesBuildPhase section */

/* Begin PBXSourcesBuildPhase section */
		8D1AD21C2B6F2CE100292017 /* Sources */ = {
			isa = PBXSourcesBuildPhase;
			buildActionMask = 2147483647;
			files = (
				8DDB59EB2B73584100242C42 /* GFTextField.swift in Sources */,
				8DDB59E72B72F1ED00242C42 /* FavoritesListVC.swift in Sources */,
				8DDB59E92B7336EC00242C42 /* GFButton.swift in Sources */,
				8DD3835C2B9A6D3900A46247 /* GFUserInfoHeaderVC.swift in Sources */,
				8D4125832BBF905800A3F075 /* GFReposItemVC.swift in Sources */,
				8DD0E5652B82ABF5003234C9 /* UIViewController+Ext.swift in Sources */,
				8DDB59E52B72F1AB00242C42 /* SearchVC.swift in Sources */,
				8DB4D52E2B91682C00056DB4 /* GFEmptyStateView.swift in Sources */,
				8DD3835E2B9A6DC400A46247 /* GFSecondaryTitleLabel.swift in Sources */,
				8DC1323A2B81525900C391DC /* GFAlertVC.swift in Sources */,
				8DA265852B84413300EAAC83 /* User.swift in Sources */,
				8DDD157C2B97FE87006EF949 /* GFError.swift in Sources */,
				8DF448752B87EAA700F18608 /* FollowerCell.swift in Sources */,
				8DF448772B87F71200F18608 /* GFAvatarImageView.swift in Sources */,
				8DC132382B81516300C391DC /* GFBodyLabel.swift in Sources */,
				8DEC4F062B966C1E00CEA49B /* UserInfoVC.swift in Sources */,
				8DA265832B84410300EAAC83 /* Follower.swift in Sources */,
				8DB3C0592B80578F009FC4CB /* GFTitleLabel.swift in Sources */,
				8D7279752BC0F680005D0C90 /* String+Ext.swift in Sources */,
				8DB3C0572B7FE7F5009FC4CB /* FollowerListVC.swift in Sources */,
				8D4125812BBF89E600A3F075 /* GFItemInfoVC.swift in Sources */,
				8D4125852BBFA7D200A3F075 /* GFFollowerItemVC.swift in Sources */,
				8DA265802B841E2600EAAC83 /* GFAlertContainer.swift in Sources */,
				8DEBB5C12B8D6CD00066C8F1 /* UIHelper.swift in Sources */,
				8D7279732BC0F623005D0C90 /* Date+Ext.swift in Sources */,
				8D0C05362B8536A2005C0393 /* NetworkManager.swift in Sources */,
				8D1AD2242B6F2CE100292017 /* AppDelegate.swift in Sources */,
				8D7C7ECC2BB78D8C00A2B56F /* GFItemInfoView.swift in Sources */,
				8D1AD2262B6F2CE100292017 /* SceneDelegate.swift in Sources */,
				8DD383602B9A955A00A46247 /* Constants.swift in Sources */,
			);
			runOnlyForDeploymentPostprocessing = 0;
		};
/* End PBXSourcesBuildPhase section */

/* Begin PBXVariantGroup section */
		8D1AD22E2B6F2CE400292017 /* LaunchScreen.storyboard */ = {
			isa = PBXVariantGroup;
			children = (
				8D1AD22F2B6F2CE400292017 /* Base */,
			);
			name = LaunchScreen.storyboard;
			sourceTree = "<group>";
		};
/* End PBXVariantGroup section */

/* Begin XCBuildConfiguration section */
		8D1AD2322B6F2CE400292017 /* Debug */ = {
			isa = XCBuildConfiguration;
			buildSettings = {
				ALWAYS_SEARCH_USER_PATHS = NO;
				ASSETCATALOG_COMPILER_GENERATE_SWIFT_ASSET_SYMBOL_EXTENSIONS = YES;
				CLANG_ANALYZER_NONNULL = YES;
				CLANG_ANALYZER_NUMBER_OBJECT_CONVERSION = YES_AGGRESSIVE;
				CLANG_CXX_LANGUAGE_STANDARD = "gnu++20";
				CLANG_ENABLE_MODULES = YES;
				CLANG_ENABLE_OBJC_ARC = YES;
				CLANG_ENABLE_OBJC_WEAK = YES;
				CLANG_WARN_BLOCK_CAPTURE_AUTORELEASING = YES;
				CLANG_WARN_BOOL_CONVERSION = YES;
				CLANG_WARN_COMMA = YES;
				CLANG_WARN_CONSTANT_CONVERSION = YES;
				CLANG_WARN_DEPRECATED_OBJC_IMPLEMENTATIONS = YES;
				CLANG_WARN_DIRECT_OBJC_ISA_USAGE = YES_ERROR;
				CLANG_WARN_DOCUMENTATION_COMMENTS = YES;
				CLANG_WARN_EMPTY_BODY = YES;
				CLANG_WARN_ENUM_CONVERSION = YES;
				CLANG_WARN_INFINITE_RECURSION = YES;
				CLANG_WARN_INT_CONVERSION = YES;
				CLANG_WARN_NON_LITERAL_NULL_CONVERSION = YES;
				CLANG_WARN_OBJC_IMPLICIT_RETAIN_SELF = YES;
				CLANG_WARN_OBJC_LITERAL_CONVERSION = YES;
				CLANG_WARN_OBJC_ROOT_CLASS = YES_ERROR;
				CLANG_WARN_QUOTED_INCLUDE_IN_FRAMEWORK_HEADER = YES;
				CLANG_WARN_RANGE_LOOP_ANALYSIS = YES;
				CLANG_WARN_STRICT_PROTOTYPES = YES;
				CLANG_WARN_SUSPICIOUS_MOVE = YES;
				CLANG_WARN_UNGUARDED_AVAILABILITY = YES_AGGRESSIVE;
				CLANG_WARN_UNREACHABLE_CODE = YES;
				CLANG_WARN__DUPLICATE_METHOD_MATCH = YES;
				COPY_PHASE_STRIP = NO;
				DEBUG_INFORMATION_FORMAT = dwarf;
				ENABLE_STRICT_OBJC_MSGSEND = YES;
				ENABLE_TESTABILITY = YES;
				ENABLE_USER_SCRIPT_SANDBOXING = YES;
				GCC_C_LANGUAGE_STANDARD = gnu17;
				GCC_DYNAMIC_NO_PIC = NO;
				GCC_NO_COMMON_BLOCKS = YES;
				GCC_OPTIMIZATION_LEVEL = 0;
				GCC_PREPROCESSOR_DEFINITIONS = (
					"DEBUG=1",
					"$(inherited)",
				);
				GCC_WARN_64_TO_32_BIT_CONVERSION = YES;
				GCC_WARN_ABOUT_RETURN_TYPE = YES_ERROR;
				GCC_WARN_UNDECLARED_SELECTOR = YES;
				GCC_WARN_UNINITIALIZED_AUTOS = YES_AGGRESSIVE;
				GCC_WARN_UNUSED_FUNCTION = YES;
				GCC_WARN_UNUSED_VARIABLE = YES;
				IPHONEOS_DEPLOYMENT_TARGET = 17.0;
				LOCALIZATION_PREFERS_STRING_CATALOGS = YES;
				MTL_ENABLE_DEBUG_INFO = INCLUDE_SOURCE;
				MTL_FAST_MATH = YES;
				ONLY_ACTIVE_ARCH = YES;
				SDKROOT = iphoneos;
				SWIFT_ACTIVE_COMPILATION_CONDITIONS = "DEBUG $(inherited)";
				SWIFT_OPTIMIZATION_LEVEL = "-Onone";
			};
			name = Debug;
		};
		8D1AD2332B6F2CE400292017 /* Release */ = {
			isa = XCBuildConfiguration;
			buildSettings = {
				ALWAYS_SEARCH_USER_PATHS = NO;
				ASSETCATALOG_COMPILER_GENERATE_SWIFT_ASSET_SYMBOL_EXTENSIONS = YES;
				CLANG_ANALYZER_NONNULL = YES;
				CLANG_ANALYZER_NUMBER_OBJECT_CONVERSION = YES_AGGRESSIVE;
				CLANG_CXX_LANGUAGE_STANDARD = "gnu++20";
				CLANG_ENABLE_MODULES = YES;
				CLANG_ENABLE_OBJC_ARC = YES;
				CLANG_ENABLE_OBJC_WEAK = YES;
				CLANG_WARN_BLOCK_CAPTURE_AUTORELEASING = YES;
				CLANG_WARN_BOOL_CONVERSION = YES;
				CLANG_WARN_COMMA = YES;
				CLANG_WARN_CONSTANT_CONVERSION = YES;
				CLANG_WARN_DEPRECATED_OBJC_IMPLEMENTATIONS = YES;
				CLANG_WARN_DIRECT_OBJC_ISA_USAGE = YES_ERROR;
				CLANG_WARN_DOCUMENTATION_COMMENTS = YES;
				CLANG_WARN_EMPTY_BODY = YES;
				CLANG_WARN_ENUM_CONVERSION = YES;
				CLANG_WARN_INFINITE_RECURSION = YES;
				CLANG_WARN_INT_CONVERSION = YES;
				CLANG_WARN_NON_LITERAL_NULL_CONVERSION = YES;
				CLANG_WARN_OBJC_IMPLICIT_RETAIN_SELF = YES;
				CLANG_WARN_OBJC_LITERAL_CONVERSION = YES;
				CLANG_WARN_OBJC_ROOT_CLASS = YES_ERROR;
				CLANG_WARN_QUOTED_INCLUDE_IN_FRAMEWORK_HEADER = YES;
				CLANG_WARN_RANGE_LOOP_ANALYSIS = YES;
				CLANG_WARN_STRICT_PROTOTYPES = YES;
				CLANG_WARN_SUSPICIOUS_MOVE = YES;
				CLANG_WARN_UNGUARDED_AVAILABILITY = YES_AGGRESSIVE;
				CLANG_WARN_UNREACHABLE_CODE = YES;
				CLANG_WARN__DUPLICATE_METHOD_MATCH = YES;
				COPY_PHASE_STRIP = NO;
				DEBUG_INFORMATION_FORMAT = "dwarf-with-dsym";
				ENABLE_NS_ASSERTIONS = NO;
				ENABLE_STRICT_OBJC_MSGSEND = YES;
				ENABLE_USER_SCRIPT_SANDBOXING = YES;
				GCC_C_LANGUAGE_STANDARD = gnu17;
				GCC_NO_COMMON_BLOCKS = YES;
				GCC_WARN_64_TO_32_BIT_CONVERSION = YES;
				GCC_WARN_ABOUT_RETURN_TYPE = YES_ERROR;
				GCC_WARN_UNDECLARED_SELECTOR = YES;
				GCC_WARN_UNINITIALIZED_AUTOS = YES_AGGRESSIVE;
				GCC_WARN_UNUSED_FUNCTION = YES;
				GCC_WARN_UNUSED_VARIABLE = YES;
				IPHONEOS_DEPLOYMENT_TARGET = 17.0;
				LOCALIZATION_PREFERS_STRING_CATALOGS = YES;
				MTL_ENABLE_DEBUG_INFO = NO;
				MTL_FAST_MATH = YES;
				SDKROOT = iphoneos;
				SWIFT_COMPILATION_MODE = wholemodule;
				VALIDATE_PRODUCT = YES;
			};
			name = Release;
		};
		8D1AD2352B6F2CE400292017 /* Debug */ = {
			isa = XCBuildConfiguration;
			buildSettings = {
				ASSETCATALOG_COMPILER_APPICON_NAME = AppIcon;
				ASSETCATALOG_COMPILER_GLOBAL_ACCENT_COLOR_NAME = AccentColor;
				CODE_SIGN_STYLE = Automatic;
				CURRENT_PROJECT_VERSION = 1;
				GENERATE_INFOPLIST_FILE = YES;
				INFOPLIST_FILE = GHFollowers/Info.plist;
				INFOPLIST_KEY_UIApplicationSupportsIndirectInputEvents = YES;
				INFOPLIST_KEY_UILaunchStoryboardName = LaunchScreen;
				INFOPLIST_KEY_UISupportedInterfaceOrientations = UIInterfaceOrientationPortrait;
				INFOPLIST_KEY_UISupportedInterfaceOrientations_iPad = "UIInterfaceOrientationLandscapeLeft UIInterfaceOrientationLandscapeRight UIInterfaceOrientationPortrait UIInterfaceOrientationPortraitUpsideDown";
				LD_RUNPATH_SEARCH_PATHS = (
					"$(inherited)",
					"@executable_path/Frameworks",
				);
				MARKETING_VERSION = 1.0;
				PRODUCT_BUNDLE_IDENTIFIER = marcos.GHFollowers;
				PRODUCT_NAME = "$(TARGET_NAME)";
				SUPPORTED_PLATFORMS = "iphoneos iphonesimulator";
				SUPPORTS_MACCATALYST = NO;
				SUPPORTS_MAC_DESIGNED_FOR_IPHONE_IPAD = NO;
				SWIFT_EMIT_LOC_STRINGS = YES;
				SWIFT_VERSION = 5.0;
				TARGETED_DEVICE_FAMILY = 1;
			};
			name = Debug;
		};
		8D1AD2362B6F2CE400292017 /* Release */ = {
			isa = XCBuildConfiguration;
			buildSettings = {
				ASSETCATALOG_COMPILER_APPICON_NAME = AppIcon;
				ASSETCATALOG_COMPILER_GLOBAL_ACCENT_COLOR_NAME = AccentColor;
				CODE_SIGN_STYLE = Automatic;
				CURRENT_PROJECT_VERSION = 1;
				GENERATE_INFOPLIST_FILE = YES;
				INFOPLIST_FILE = GHFollowers/Info.plist;
				INFOPLIST_KEY_UIApplicationSupportsIndirectInputEvents = YES;
				INFOPLIST_KEY_UILaunchStoryboardName = LaunchScreen;
				INFOPLIST_KEY_UISupportedInterfaceOrientations = UIInterfaceOrientationPortrait;
				INFOPLIST_KEY_UISupportedInterfaceOrientations_iPad = "UIInterfaceOrientationLandscapeLeft UIInterfaceOrientationLandscapeRight UIInterfaceOrientationPortrait UIInterfaceOrientationPortraitUpsideDown";
				LD_RUNPATH_SEARCH_PATHS = (
					"$(inherited)",
					"@executable_path/Frameworks",
				);
				MARKETING_VERSION = 1.0;
				PRODUCT_BUNDLE_IDENTIFIER = marcos.GHFollowers;
				PRODUCT_NAME = "$(TARGET_NAME)";
				SUPPORTED_PLATFORMS = "iphoneos iphonesimulator";
				SUPPORTS_MACCATALYST = NO;
				SUPPORTS_MAC_DESIGNED_FOR_IPHONE_IPAD = NO;
				SWIFT_EMIT_LOC_STRINGS = YES;
				SWIFT_VERSION = 5.0;
				TARGETED_DEVICE_FAMILY = 1;
			};
			name = Release;
		};
/* End XCBuildConfiguration section */

/* Begin XCConfigurationList section */
		8D1AD21B2B6F2CE100292017 /* Build configuration list for PBXProject "GHFollowers" */ = {
			isa = XCConfigurationList;
			buildConfigurations = (
				8D1AD2322B6F2CE400292017 /* Debug */,
				8D1AD2332B6F2CE400292017 /* Release */,
			);
			defaultConfigurationIsVisible = 0;
			defaultConfigurationName = Release;
		};
		8D1AD2342B6F2CE400292017 /* Build configuration list for PBXNativeTarget "GHFollowers" */ = {
			isa = XCConfigurationList;
			buildConfigurations = (
				8D1AD2352B6F2CE400292017 /* Debug */,
				8D1AD2362B6F2CE400292017 /* Release */,
			);
			defaultConfigurationIsVisible = 0;
			defaultConfigurationName = Release;
		};
/* End XCConfigurationList section */
	};
	rootObject = 8D1AD2182B6F2CE100292017 /* Project object */;
}
